PODS:
  - BigBlueButtonMobileSDK (0.1.0):
    - GoogleWebRTC
  - GoogleWebRTC (1.1.27828)

DEPENDENCIES:
  - BigBlueButtonMobileSDK (from `../`)

SPEC REPOS:
  trunk:
    - GoogleWebRTC

EXTERNAL SOURCES:
  BigBlueButtonMobileSDK:
    :path: "../"

SPEC CHECKSUMS:
  BigBlueButtonMobileSDK: 611d32fdbb5e122bbae4d976a53fedb2b24b0949
  GoogleWebRTC: 55e46bee9ac2a4961542e9571bea589b64493f45

PODFILE CHECKSUM: f422a6a7d5ee634b7125c9a4cfdcf1979f49f302

COCOAPODS: 1.11.2
