// !$*UTF8*$!
{
	archiveVersion = 1;
	classes = {
	};
	objectVersion = 54;
	objects = {

/* Begin PBXBuildFile section */
		13B07FBF1A68108700A75B9A /* Images.xcassets in Resources */ = {isa = PBXBuildFile; fileRef = 13B07FB51A68108700A75B9A /* Images.xcassets */; };
		220F968928A04DC100EEEB41 /* ReplayKit.framework in Frameworks */ = {isa = PBXBuildFile; fileRef = 220F968828A04DC100EEEB41 /* ReplayKit.framework */; };
		220F968C28A04DC100EEEB41 /* SampleHandler.swift in Sources */ = {isa = PBXBuildFile; fileRef = 220F968B28A04DC100EEEB41 /* SampleHandler.swift */; };
		220F969F28A04DC100EEEB41 /* BigBlueButtonTabletSdkBroadcastExample.appex in Embed App Extensions */ = {isa = PBXBuildFile; fileRef = 220F968728A04DC100EEEB41 /* BigBlueButtonTabletSdkBroadcastExample.appex */; settings = {ATTRIBUTES = (RemoveHeadersOnCopy, ); }; };
		220F96AB28A1D74600EEEB41 /* AppDelegate.swift in Sources */ = {isa = PBXBuildFile; fileRef = 220F96AA28A1D74600EEEB41 /* AppDelegate.swift */; };
		221A9A5728A2ECA40012CF94 /* Constants.swift in Sources */ = {isa = PBXBuildFile; fileRef = 221A9A5628A2ECA30012CF94 /* Constants.swift */; };
		221A9A5A28A2ED980012CF94 /* Constants.swift in Sources */ = {isa = PBXBuildFile; fileRef = 221A9A5628A2ECA30012CF94 /* Constants.swift */; };
		5025F3B714A8253F625B6F71 /* libPods-BigBlueButtonTabletSdkBroadcastExample.a in Frameworks */ = {isa = PBXBuildFile; fileRef = 6BB342564F608F45C12B8F46 /* libPods-BigBlueButtonTabletSdkBroadcastExample.a */; };
		81AB9BB82411601600AC10FF /* LaunchScreen.storyboard in Resources */ = {isa = PBXBuildFile; fileRef = 81AB9BB72411601600AC10FF /* LaunchScreen.storyboard */; };
		D826B3BD888CF549A15D31A2 /* libPods-BigBlueButtonTabletSdkExample.a in Frameworks */ = {isa = PBXBuildFile; fileRef = DAB5F0E4FD37DEF4439FAC96 /* libPods-BigBlueButtonTabletSdkExample.a */; };
/* End PBXBuildFile section */

/* Begin PBXContainerItemProxy section */
		220F969D28A04DC100EEEB41 /* PBXContainerItemProxy */ = {
			isa = PBXContainerItemProxy;
			containerPortal = 83CBB9F71A601CBA00E9B192 /* Project object */;
			proxyType = 1;
			remoteGlobalIDString = 220F968628A04DC100EEEB41;
			remoteInfo = BigBlueButtonTabletSdkBroadcastExample;
		};
/* End PBXContainerItemProxy section */

/* Begin PBXCopyFilesBuildPhase section */
		220F96A628A04DC100EEEB41 /* Embed App Extensions */ = {
			isa = PBXCopyFilesBuildPhase;
			buildActionMask = 2147483647;
			dstPath = "";
			dstSubfolderSpec = 13;
			files = (
				220F969F28A04DC100EEEB41 /* BigBlueButtonTabletSdkBroadcastExample.appex in Embed App Extensions */,
			);
			name = "Embed App Extensions";
			runOnlyForDeploymentPostprocessing = 0;
		};
/* End PBXCopyFilesBuildPhase section */

/* Begin PBXFileReference section */
		071982EBD579A0A968D2AB9F /* Pods-BigBlueButtonTabletSdkBroadcastExample.release.xcconfig */ = {isa = PBXFileReference; includeInIndex = 1; lastKnownFileType = text.xcconfig; name = "Pods-BigBlueButtonTabletSdkBroadcastExample.release.xcconfig"; path = "Target Support Files/Pods-BigBlueButtonTabletSdkBroadcastExample/Pods-BigBlueButtonTabletSdkBroadcastExample.release.xcconfig"; sourceTree = "<group>"; };
		13B07F961A680F5B00A75B9A /* BigBlueButtonTabletSdkExample.app */ = {isa = PBXFileReference; explicitFileType = wrapper.application; includeInIndex = 0; path = BigBlueButtonTabletSdkExample.app; sourceTree = BUILT_PRODUCTS_DIR; };
		13B07FB51A68108700A75B9A /* Images.xcassets */ = {isa = PBXFileReference; lastKnownFileType = folder.assetcatalog; name = Images.xcassets; path = BigBlueButtonTabletSdkExample/Images.xcassets; sourceTree = "<group>"; };
		13B07FB61A68108700A75B9A /* Info.plist */ = {isa = PBXFileReference; fileEncoding = 4; lastKnownFileType = text.plist.xml; name = Info.plist; path = BigBlueButtonTabletSdkExample/Info.plist; sourceTree = "<group>"; };
		177EB7104D706763F85BDDCE /* Pods-BigBlueButtonTabletSdkExample.release.xcconfig */ = {isa = PBXFileReference; includeInIndex = 1; lastKnownFileType = text.xcconfig; name = "Pods-BigBlueButtonTabletSdkExample.release.xcconfig"; path = "Target Support Files/Pods-BigBlueButtonTabletSdkExample/Pods-BigBlueButtonTabletSdkExample.release.xcconfig"; sourceTree = "<group>"; };
		220F968228A04C8B00EEEB41 /* BigBlueButtonTabletSdkExample.entitlements */ = {isa = PBXFileReference; lastKnownFileType = text.plist.entitlements; name = BigBlueButtonTabletSdkExample.entitlements; path = BigBlueButtonTabletSdkExample/BigBlueButtonTabletSdkExample.entitlements; sourceTree = "<group>"; };
		220F968728A04DC100EEEB41 /* BigBlueButtonTabletSdkBroadcastExample.appex */ = {isa = PBXFileReference; explicitFileType = "wrapper.app-extension"; includeInIndex = 0; path = BigBlueButtonTabletSdkBroadcastExample.appex; sourceTree = BUILT_PRODUCTS_DIR; };
		220F968828A04DC100EEEB41 /* ReplayKit.framework */ = {isa = PBXFileReference; lastKnownFileType = wrapper.framework; name = ReplayKit.framework; path = System/Library/Frameworks/ReplayKit.framework; sourceTree = SDKROOT; };
		220F968B28A04DC100EEEB41 /* SampleHandler.swift */ = {isa = PBXFileReference; lastKnownFileType = sourcecode.swift; path = SampleHandler.swift; sourceTree = "<group>"; };
		220F968D28A04DC100EEEB41 /* Info.plist */ = {isa = PBXFileReference; lastKnownFileType = text.plist.xml; path = Info.plist; sourceTree = "<group>"; };
		220F969428A04DC100EEEB41 /* UIKit.framework */ = {isa = PBXFileReference; lastKnownFileType = wrapper.framework; name = UIKit.framework; path = System/Library/Frameworks/UIKit.framework; sourceTree = SDKROOT; };
		220F96A728A1D73B00EEEB41 /* BigBlueButtonTabletSdkExample-Bridging-Header.h */ = {isa = PBXFileReference; lastKnownFileType = sourcecode.c.h; path = "BigBlueButtonTabletSdkExample-Bridging-Header.h"; sourceTree = "<group>"; };
		220F96AA28A1D74600EEEB41 /* AppDelegate.swift */ = {isa = PBXFileReference; fileEncoding = 4; lastKnownFileType = sourcecode.swift; name = AppDelegate.swift; path = BigBlueButtonTabletSdkExample/AppDelegate.swift; sourceTree = "<group>"; };
		221A9A5628A2ECA30012CF94 /* Constants.swift */ = {isa = PBXFileReference; fileEncoding = 4; lastKnownFileType = sourcecode.swift; path = Constants.swift; sourceTree = "<group>"; };
		2240B4A328A2E8C30052D6B4 /* BigBlueButtonTabletSdkBroadcastExample.entitlements */ = {isa = PBXFileReference; lastKnownFileType = text.plist.entitlements; path = BigBlueButtonTabletSdkBroadcastExample.entitlements; sourceTree = "<group>"; };
		3B4392A12AC88292D35C810B /* Pods-BigBlueButtonTabletSdkExample.debug.xcconfig */ = {isa = PBXFileReference; includeInIndex = 1; lastKnownFileType = text.xcconfig; name = "Pods-BigBlueButtonTabletSdkExample.debug.xcconfig"; path = "Target Support Files/Pods-BigBlueButtonTabletSdkExample/Pods-BigBlueButtonTabletSdkExample.debug.xcconfig"; sourceTree = "<group>"; };
		56788771F2A01D540540643E /* Pods-BigBlueButtonTabletSdkExample.debug.xcconfig */ = {isa = PBXFileReference; includeInIndex = 1; lastKnownFileType = text.xcconfig; name = "Pods-BigBlueButtonTabletSdkExample.debug.xcconfig"; path = "Target Support Files/Pods-BigBlueButtonTabletSdkExample/Pods-BigBlueButtonTabletSdkExample.debug.xcconfig"; sourceTree = "<group>"; };
		5709B34CF0A7D63546082F79 /* Pods-BigBlueButtonTabletSdkExample.release.xcconfig */ = {isa = PBXFileReference; includeInIndex = 1; lastKnownFileType = text.xcconfig; name = "Pods-BigBlueButtonTabletSdkExample.release.xcconfig"; path = "Target Support Files/Pods-BigBlueButtonTabletSdkExample/Pods-BigBlueButtonTabletSdkExample.release.xcconfig"; sourceTree = "<group>"; };
		6BB342564F608F45C12B8F46 /* libPods-BigBlueButtonTabletSdkBroadcastExample.a */ = {isa = PBXFileReference; explicitFileType = archive.ar; includeInIndex = 0; path = "libPods-BigBlueButtonTabletSdkBroadcastExample.a"; sourceTree = BUILT_PRODUCTS_DIR; };
		81AB9BB72411601600AC10FF /* LaunchScreen.storyboard */ = {isa = PBXFileReference; fileEncoding = 4; lastKnownFileType = file.storyboard; name = LaunchScreen.storyboard; path = BigBlueButtonTabletSdkExample/LaunchScreen.storyboard; sourceTree = "<group>"; };
		DAB5F0E4FD37DEF4439FAC96 /* libPods-BigBlueButtonTabletSdkExample.a */ = {isa = PBXFileReference; explicitFileType = archive.ar; includeInIndex = 0; path = "libPods-BigBlueButtonTabletSdkExample.a"; sourceTree = BUILT_PRODUCTS_DIR; };
		E322AA668DCD49644DA092C0 /* Pods-BigBlueButtonTabletSdkBroadcastExample.debug.xcconfig */ = {isa = PBXFileReference; includeInIndex = 1; lastKnownFileType = text.xcconfig; name = "Pods-BigBlueButtonTabletSdkBroadcastExample.debug.xcconfig"; path = "Target Support Files/Pods-BigBlueButtonTabletSdkBroadcastExample/Pods-BigBlueButtonTabletSdkBroadcastExample.debug.xcconfig"; sourceTree = "<group>"; };
		ED297162215061F000B7C4FE /* JavaScriptCore.framework */ = {isa = PBXFileReference; lastKnownFileType = wrapper.framework; name = JavaScriptCore.framework; path = System/Library/Frameworks/JavaScriptCore.framework; sourceTree = SDKROOT; };
/* End PBXFileReference section */

/* Begin PBXFrameworksBuildPhase section */
		13B07F8C1A680F5B00A75B9A /* Frameworks */ = {
			isa = PBXFrameworksBuildPhase;
			buildActionMask = 2147483647;
			files = (
				D826B3BD888CF549A15D31A2 /* libPods-BigBlueButtonTabletSdkExample.a in Frameworks */,
			);
			runOnlyForDeploymentPostprocessing = 0;
		};
		220F968428A04DC100EEEB41 /* Frameworks */ = {
			isa = PBXFrameworksBuildPhase;
			buildActionMask = 2147483647;
			files = (
				220F968928A04DC100EEEB41 /* ReplayKit.framework in Frameworks */,
				5025F3B714A8253F625B6F71 /* libPods-BigBlueButtonTabletSdkBroadcastExample.a in Frameworks */,
			);
			runOnlyForDeploymentPostprocessing = 0;
		};
/* End PBXFrameworksBuildPhase section */

/* Begin PBXGroup section */
		13B07FAE1A68108700A75B9A /* BigBlueButtonTabletSdkExample */ = {
			isa = PBXGroup;
			children = (
				221A9A5628A2ECA30012CF94 /* Constants.swift */,
				220F96AA28A1D74600EEEB41 /* AppDelegate.swift */,
				220F968228A04C8B00EEEB41 /* BigBlueButtonTabletSdkExample.entitlements */,
				13B07FB51A68108700A75B9A /* Images.xcassets */,
				13B07FB61A68108700A75B9A /* Info.plist */,
				81AB9BB72411601600AC10FF /* LaunchScreen.storyboard */,
				220F96A728A1D73B00EEEB41 /* BigBlueButtonTabletSdkExample-Bridging-Header.h */,
			);
			name = BigBlueButtonTabletSdkExample;
			sourceTree = "<group>";
		};
		220F968A28A04DC100EEEB41 /* BigBlueButtonTabletSdkBroadcastExample */ = {
			isa = PBXGroup;
			children = (
				2240B4A328A2E8C30052D6B4 /* BigBlueButtonTabletSdkBroadcastExample.entitlements */,
				220F968B28A04DC100EEEB41 /* SampleHandler.swift */,
				220F968D28A04DC100EEEB41 /* Info.plist */,
			);
			path = BigBlueButtonTabletSdkBroadcastExample;
			sourceTree = "<group>";
		};
		2D16E6871FA4F8E400B85C8A /* Frameworks */ = {
			isa = PBXGroup;
			children = (
				ED297162215061F000B7C4FE /* JavaScriptCore.framework */,
				220F968828A04DC100EEEB41 /* ReplayKit.framework */,
				220F969428A04DC100EEEB41 /* UIKit.framework */,
				6BB342564F608F45C12B8F46 /* libPods-BigBlueButtonTabletSdkBroadcastExample.a */,
				DAB5F0E4FD37DEF4439FAC96 /* libPods-BigBlueButtonTabletSdkExample.a */,
			);
			name = Frameworks;
			sourceTree = "<group>";
		};
		832341AE1AAA6A7D00B99B32 /* Libraries */ = {
			isa = PBXGroup;
			children = (
			);
			name = Libraries;
			sourceTree = "<group>";
		};
		83CBB9F61A601CBA00E9B192 = {
			isa = PBXGroup;
			children = (
				13B07FAE1A68108700A75B9A /* BigBlueButtonTabletSdkExample */,
				832341AE1AAA6A7D00B99B32 /* Libraries */,
				220F968A28A04DC100EEEB41 /* BigBlueButtonTabletSdkBroadcastExample */,
				83CBBA001A601CBA00E9B192 /* Products */,
				2D16E6871FA4F8E400B85C8A /* Frameworks */,
				BBD78D7AC51CEA395F1C20DB /* Pods */,
			);
			indentWidth = 2;
			sourceTree = "<group>";
			tabWidth = 2;
			usesTabs = 0;
		};
		83CBBA001A601CBA00E9B192 /* Products */ = {
			isa = PBXGroup;
			children = (
				13B07F961A680F5B00A75B9A /* BigBlueButtonTabletSdkExample.app */,
				220F968728A04DC100EEEB41 /* BigBlueButtonTabletSdkBroadcastExample.appex */,
			);
			name = Products;
			sourceTree = "<group>";
		};
		BBD78D7AC51CEA395F1C20DB /* Pods */ = {
			isa = PBXGroup;
			children = (
				3B4392A12AC88292D35C810B /* Pods-BigBlueButtonTabletSdkExample.debug.xcconfig */,
				5709B34CF0A7D63546082F79 /* Pods-BigBlueButtonTabletSdkExample.release.xcconfig */,
				E322AA668DCD49644DA092C0 /* Pods-BigBlueButtonTabletSdkBroadcastExample.debug.xcconfig */,
				071982EBD579A0A968D2AB9F /* Pods-BigBlueButtonTabletSdkBroadcastExample.release.xcconfig */,
				56788771F2A01D540540643E /* Pods-BigBlueButtonTabletSdkExample.debug.xcconfig */,
				177EB7104D706763F85BDDCE /* Pods-BigBlueButtonTabletSdkExample.release.xcconfig */,
			);
			path = Pods;
			sourceTree = "<group>";
		};
/* End PBXGroup section */

/* Begin PBXNativeTarget section */
		13B07F861A680F5B00A75B9A /* BigBlueButtonTabletSdkExample */ = {
			isa = PBXNativeTarget;
			buildConfigurationList = 13B07F931A680F5B00A75B9A /* Build configuration list for PBXNativeTarget "BigBlueButtonTabletSdkExample" */;
			buildPhases = (
				C38B50BA6285516D6DCD4F65 /* [CP] Check Pods Manifest.lock */,
				FD10A7F022414F080027D42C /* Start Packager */,
				13B07F871A680F5B00A75B9A /* Sources */,
				13B07F8C1A680F5B00A75B9A /* Frameworks */,
				13B07F8E1A680F5B00A75B9A /* Resources */,
				00DD1BFF1BD5951E006B06BC /* Bundle React Native code and images */,
				00EEFC60759A1932668264C0 /* [CP] Embed Pods Frameworks */,
				E235C05ADACE081382539298 /* [CP] Copy Pods Resources */,
				220F96A628A04DC100EEEB41 /* Embed App Extensions */,
			);
			buildRules = (
			);
			dependencies = (
				220F969E28A04DC100EEEB41 /* PBXTargetDependency */,
			);
			name = BigBlueButtonTabletSdkExample;
			productName = BigBlueButtonTabletSdkExample;
			productReference = 13B07F961A680F5B00A75B9A /* BigBlueButtonTabletSdkExample.app */;
			productType = "com.apple.product-type.application";
		};
		220F968628A04DC100EEEB41 /* BigBlueButtonTabletSdkBroadcastExample */ = {
			isa = PBXNativeTarget;
			buildConfigurationList = 220F96A328A04DC100EEEB41 /* Build configuration list for PBXNativeTarget "BigBlueButtonTabletSdkBroadcastExample" */;
			buildPhases = (
				9FC9749BB5EF486AC4FADF95 /* [CP] Check Pods Manifest.lock */,
				220F968328A04DC100EEEB41 /* Sources */,
				220F968428A04DC100EEEB41 /* Frameworks */,
				220F968528A04DC100EEEB41 /* Resources */,
			);
			buildRules = (
			);
			dependencies = (
			);
			name = BigBlueButtonTabletSdkBroadcastExample;
			productName = BigBlueButtonTabletSdkBroadcastExample;
			productReference = 220F968728A04DC100EEEB41 /* BigBlueButtonTabletSdkBroadcastExample.appex */;
			productType = "com.apple.product-type.app-extension";
		};
/* End PBXNativeTarget section */

/* Begin PBXProject section */
		83CBB9F71A601CBA00E9B192 /* Project object */ = {
			isa = PBXProject;
			attributes = {
				LastSwiftUpdateCheck = 1340;
				LastUpgradeCheck = 1210;
				TargetAttributes = {
					13B07F861A680F5B00A75B9A = {
						LastSwiftMigration = 1340;
					};
					220F968628A04DC100EEEB41 = {
						CreatedOnToolsVersion = 13.4.1;
					};
				};
			};
			buildConfigurationList = 83CBB9FA1A601CBA00E9B192 /* Build configuration list for PBXProject "BigBlueButtonTabletSdkExample" */;
			compatibilityVersion = "Xcode 12.0";
			developmentRegion = en;
			hasScannedForEncodings = 0;
			knownRegions = (
				en,
				Base,
			);
			mainGroup = 83CBB9F61A601CBA00E9B192;
			productRefGroup = 83CBBA001A601CBA00E9B192 /* Products */;
			projectDirPath = "";
			projectRoot = "";
			targets = (
				13B07F861A680F5B00A75B9A /* BigBlueButtonTabletSdkExample */,
				220F968628A04DC100EEEB41 /* BigBlueButtonTabletSdkBroadcastExample */,
			);
		};
/* End PBXProject section */

/* Begin PBXResourcesBuildPhase section */
		13B07F8E1A680F5B00A75B9A /* Resources */ = {
			isa = PBXResourcesBuildPhase;
			buildActionMask = 2147483647;
			files = (
				81AB9BB82411601600AC10FF /* LaunchScreen.storyboard in Resources */,
				13B07FBF1A68108700A75B9A /* Images.xcassets in Resources */,
			);
			runOnlyForDeploymentPostprocessing = 0;
		};
		220F968528A04DC100EEEB41 /* Resources */ = {
			isa = PBXResourcesBuildPhase;
			buildActionMask = 2147483647;
			files = (
			);
			runOnlyForDeploymentPostprocessing = 0;
		};
/* End PBXResourcesBuildPhase section */

/* Begin PBXShellScriptBuildPhase section */
		00DD1BFF1BD5951E006B06BC /* Bundle React Native code and images */ = {
			isa = PBXShellScriptBuildPhase;
			buildActionMask = 2147483647;
			files = (
			);
			inputPaths = (
			);
			name = "Bundle React Native code and images";
			outputPaths = (
			);
			runOnlyForDeploymentPostprocessing = 0;
			shellPath = /bin/sh;
			shellScript = "set -e\nexport ENTRY_FILE=index.tsx\nexport NODE_BINARY=node\n../node_modules/react-native/scripts/react-native-xcode.sh\n";
		};
		00EEFC60759A1932668264C0 /* [CP] Embed Pods Frameworks */ = {
			isa = PBXShellScriptBuildPhase;
			buildActionMask = 2147483647;
			files = (
			);
			inputFileListPaths = (
				"${PODS_ROOT}/Target Support Files/Pods-BigBlueButtonTabletSdkExample/Pods-BigBlueButtonTabletSdkExample-frameworks-${CONFIGURATION}-input-files.xcfilelist",
			);
			name = "[CP] Embed Pods Frameworks";
			outputFileListPaths = (
				"${PODS_ROOT}/Target Support Files/Pods-BigBlueButtonTabletSdkExample/Pods-BigBlueButtonTabletSdkExample-frameworks-${CONFIGURATION}-output-files.xcfilelist",
			);
			runOnlyForDeploymentPostprocessing = 0;
			shellPath = /bin/sh;
			shellScript = "\"${PODS_ROOT}/Target Support Files/Pods-BigBlueButtonTabletSdkExample/Pods-BigBlueButtonTabletSdkExample-frameworks.sh\"\n";
			showEnvVarsInLog = 0;
		};
		9FC9749BB5EF486AC4FADF95 /* [CP] Check Pods Manifest.lock */ = {
			isa = PBXShellScriptBuildPhase;
			buildActionMask = 2147483647;
			files = (
			);
			inputFileListPaths = (
			);
			inputPaths = (
				"${PODS_PODFILE_DIR_PATH}/Podfile.lock",
				"${PODS_ROOT}/Manifest.lock",
			);
			name = "[CP] Check Pods Manifest.lock";
			outputFileListPaths = (
			);
			outputPaths = (
				"$(DERIVED_FILE_DIR)/Pods-BigBlueButtonTabletSdkBroadcastExample-checkManifestLockResult.txt",
			);
			runOnlyForDeploymentPostprocessing = 0;
			shellPath = /bin/sh;
			shellScript = "diff \"${PODS_PODFILE_DIR_PATH}/Podfile.lock\" \"${PODS_ROOT}/Manifest.lock\" > /dev/null\nif [ $? != 0 ] ; then\n    # print error to STDERR\n    echo \"error: The sandbox is not in sync with the Podfile.lock. Run 'pod install' or update your CocoaPods installation.\" >&2\n    exit 1\nfi\n# This output is used by Xcode 'outputs' to avoid re-running this script phase.\necho \"SUCCESS\" > \"${SCRIPT_OUTPUT_FILE_0}\"\n";
			showEnvVarsInLog = 0;
		};
		C38B50BA6285516D6DCD4F65 /* [CP] Check Pods Manifest.lock */ = {
			isa = PBXShellScriptBuildPhase;
			buildActionMask = 2147483647;
			files = (
			);
			inputFileListPaths = (
			);
			inputPaths = (
				"${PODS_PODFILE_DIR_PATH}/Podfile.lock",
				"${PODS_ROOT}/Manifest.lock",
			);
			name = "[CP] Check Pods Manifest.lock";
			outputFileListPaths = (
			);
			outputPaths = (
				"$(DERIVED_FILE_DIR)/Pods-BigBlueButtonTabletSdkExample-checkManifestLockResult.txt",
			);
			runOnlyForDeploymentPostprocessing = 0;
			shellPath = /bin/sh;
			shellScript = "diff \"${PODS_PODFILE_DIR_PATH}/Podfile.lock\" \"${PODS_ROOT}/Manifest.lock\" > /dev/null\nif [ $? != 0 ] ; then\n    # print error to STDERR\n    echo \"error: The sandbox is not in sync with the Podfile.lock. Run 'pod install' or update your CocoaPods installation.\" >&2\n    exit 1\nfi\n# This output is used by Xcode 'outputs' to avoid re-running this script phase.\necho \"SUCCESS\" > \"${SCRIPT_OUTPUT_FILE_0}\"\n";
			showEnvVarsInLog = 0;
		};
		E235C05ADACE081382539298 /* [CP] Copy Pods Resources */ = {
			isa = PBXShellScriptBuildPhase;
			buildActionMask = 2147483647;
			files = (
			);
			inputFileListPaths = (
				"${PODS_ROOT}/Target Support Files/Pods-BigBlueButtonTabletSdkExample/Pods-BigBlueButtonTabletSdkExample-resources-${CONFIGURATION}-input-files.xcfilelist",
			);
			name = "[CP] Copy Pods Resources";
			outputFileListPaths = (
				"${PODS_ROOT}/Target Support Files/Pods-BigBlueButtonTabletSdkExample/Pods-BigBlueButtonTabletSdkExample-resources-${CONFIGURATION}-output-files.xcfilelist",
			);
			runOnlyForDeploymentPostprocessing = 0;
			shellPath = /bin/sh;
			shellScript = "\"${PODS_ROOT}/Target Support Files/Pods-BigBlueButtonTabletSdkExample/Pods-BigBlueButtonTabletSdkExample-resources.sh\"\n";
			showEnvVarsInLog = 0;
		};
		FD10A7F022414F080027D42C /* Start Packager */ = {
			isa = PBXShellScriptBuildPhase;
			buildActionMask = 2147483647;
			files = (
			);
			inputFileListPaths = (
			);
			inputPaths = (
			);
			name = "Start Packager";
			outputFileListPaths = (
			);
			outputPaths = (
			);
			runOnlyForDeploymentPostprocessing = 0;
			shellPath = /bin/sh;
			shellScript = "export RCT_METRO_PORT=\"${RCT_METRO_PORT:=8081}\"\necho \"export RCT_METRO_PORT=${RCT_METRO_PORT}\" > \"${SRCROOT}/../node_modules/react-native/scripts/.packager.env\"\nif [ -z \"${RCT_NO_LAUNCH_PACKAGER+xxx}\" ] ; then\n  if nc -w 5 -z localhost ${RCT_METRO_PORT} ; then\n    if ! curl -s \"http://localhost:${RCT_METRO_PORT}/status\" | grep -q \"packager-status:running\" ; then\n      echo \"Port ${RCT_METRO_PORT} already in use, packager is either not running or not running correctly\"\n      exit 2\n    fi\n  else\n    open \"$SRCROOT/../node_modules/react-native/scripts/launchPackager.command\" || echo \"Can't start packager automatically\"\n  fi\nfi\n";
			showEnvVarsInLog = 0;
		};
/* End PBXShellScriptBuildPhase section */

/* Begin PBXSourcesBuildPhase section */
		13B07F871A680F5B00A75B9A /* Sources */ = {
			isa = PBXSourcesBuildPhase;
			buildActionMask = 2147483647;
			files = (
				220F96AB28A1D74600EEEB41 /* AppDelegate.swift in Sources */,
				221A9A5728A2ECA40012CF94 /* Constants.swift in Sources */,
			);
			runOnlyForDeploymentPostprocessing = 0;
		};
		220F968328A04DC100EEEB41 /* Sources */ = {
			isa = PBXSourcesBuildPhase;
			buildActionMask = 2147483647;
			files = (
				220F968C28A04DC100EEEB41 /* SampleHandler.swift in Sources */,
				221A9A5A28A2ED980012CF94 /* Constants.swift in Sources */,
			);
			runOnlyForDeploymentPostprocessing = 0;
		};
/* End PBXSourcesBuildPhase section */

/* Begin PBXTargetDependency section */
		220F969E28A04DC100EEEB41 /* PBXTargetDependency */ = {
			isa = PBXTargetDependency;
			target = 220F968628A04DC100EEEB41 /* BigBlueButtonTabletSdkBroadcastExample */;
			targetProxy = 220F969D28A04DC100EEEB41 /* PBXContainerItemProxy */;
		};
/* End PBXTargetDependency section */

/* Begin XCBuildConfiguration section */
		13B07F941A680F5B00A75B9A /* Debug */ = {
			isa = XCBuildConfiguration;
			baseConfigurationReference = 56788771F2A01D540540643E /* Pods-BigBlueButtonTabletSdkExample.debug.xcconfig */;
			buildSettings = {
				ALWAYS_EMBED_SWIFT_STANDARD_LIBRARIES = YES;
				ASSETCATALOG_COMPILER_APPICON_NAME = AppIcon;
				CLANG_ENABLE_MODULES = YES;
				CODE_SIGN_ENTITLEMENTS = BigBlueButtonTabletSdkExample/BigBlueButtonTabletSdkExample.entitlements;
				CURRENT_PROJECT_VERSION = 1;
				DEVELOPMENT_TEAM = N69T9W23TC;
				ENABLE_BITCODE = NO;
				INFOPLIST_FILE = BigBlueButtonTabletSdkExample/Info.plist;
				LD_RUNPATH_SEARCH_PATHS = (
					"$(inherited)",
					"@executable_path/Frameworks",
				);
				MARKETING_VERSION = 1.0;
				OTHER_LDFLAGS = (
					"$(inherited)",
					"-ObjC",
					"-lc++",
				);
				PRODUCT_BUNDLE_IDENTIFIER = org.bigbluebutton.tablet.sdk.example.03DE7B1E;
				PRODUCT_NAME = BigBlueButtonTabletSdkExample;
				SWIFT_OBJC_BRIDGING_HEADER = "BigBlueButtonTabletSdkExample-Bridging-Header.h";
				SWIFT_OPTIMIZATION_LEVEL = "-Onone";
				SWIFT_VERSION = 5.0;
				TARGETED_DEVICE_FAMILY = "1,2";
				VERSIONING_SYSTEM = "apple-generic";
			};
			name = Debug;
		};
		13B07F951A680F5B00A75B9A /* Release */ = {
			isa = XCBuildConfiguration;
			baseConfigurationReference = 177EB7104D706763F85BDDCE /* Pods-BigBlueButtonTabletSdkExample.release.xcconfig */;
			buildSettings = {
				ALWAYS_EMBED_SWIFT_STANDARD_LIBRARIES = YES;
				ASSETCATALOG_COMPILER_APPICON_NAME = AppIcon;
				CLANG_ENABLE_MODULES = YES;
				CODE_SIGN_ENTITLEMENTS = BigBlueButtonTabletSdkExample/BigBlueButtonTabletSdkExample.entitlements;
				CURRENT_PROJECT_VERSION = 1;
				DEVELOPMENT_TEAM = N69T9W23TC;
				ENABLE_BITCODE = NO;
				INFOPLIST_FILE = BigBlueButtonTabletSdkExample/Info.plist;
				LD_RUNPATH_SEARCH_PATHS = (
					"$(inherited)",
					"@executable_path/Frameworks",
				);
				MARKETING_VERSION = 1.0;
				OTHER_LDFLAGS = (
					"$(inherited)",
					"-ObjC",
					"-lc++",
				);
				PRODUCT_BUNDLE_IDENTIFIER = org.bigbluebutton.tablet.sdk.example.03DE7B1E;
				PRODUCT_NAME = BigBlueButtonTabletSdkExample;
				SWIFT_OBJC_BRIDGING_HEADER = "BigBlueButtonTabletSdkExample-Bridging-Header.h";
				SWIFT_VERSION = 5.0;
				TARGETED_DEVICE_FAMILY = "1,2";
				VERSIONING_SYSTEM = "apple-generic";
			};
			name = Release;
		};
		220F96A428A04DC100EEEB41 /* Debug */ = {
			isa = XCBuildConfiguration;
			baseConfigurationReference = E322AA668DCD49644DA092C0 /* Pods-BigBlueButtonTabletSdkBroadcastExample.debug.xcconfig */;
			buildSettings = {
				CLANG_ANALYZER_NONNULL = YES;
				CLANG_ANALYZER_NUMBER_OBJECT_CONVERSION = YES_AGGRESSIVE;
				CLANG_CXX_LANGUAGE_STANDARD = "gnu++17";
				CLANG_ENABLE_OBJC_WEAK = YES;
				CLANG_WARN_DOCUMENTATION_COMMENTS = YES;
				CLANG_WARN_UNGUARDED_AVAILABILITY = YES_AGGRESSIVE;
				CODE_SIGN_ENTITLEMENTS = BigBlueButtonTabletSdkBroadcastExample/BigBlueButtonTabletSdkBroadcastExample.entitlements;
				CODE_SIGN_STYLE = Automatic;
				CURRENT_PROJECT_VERSION = 1;
				DEBUG_INFORMATION_FORMAT = dwarf;
				DEVELOPMENT_TEAM = N69T9W23TC;
				GCC_C_LANGUAGE_STANDARD = gnu11;
				GENERATE_INFOPLIST_FILE = YES;
				INFOPLIST_FILE = BigBlueButtonTabletSdkBroadcastExample/Info.plist;
				INFOPLIST_KEY_CFBundleDisplayName = BigBlueButtonTabletSdkBroadcastExample;
				INFOPLIST_KEY_NSHumanReadableCopyright = "";
				IPHONEOS_DEPLOYMENT_TARGET = 14.7;
				LD_RUNPATH_SEARCH_PATHS = (
					"$(inherited)",
					"@executable_path/Frameworks",
					"@executable_path/../../Frameworks",
				);
				MARKETING_VERSION = 1.0;
				MTL_ENABLE_DEBUG_INFO = INCLUDE_SOURCE;
				MTL_FAST_MATH = YES;
				PRODUCT_BUNDLE_IDENTIFIER = org.bigbluebutton.tablet.sdk.example.03DE7B1E.BigBlueButtonTabletSdkBroadcastExample;
				PRODUCT_NAME = "$(TARGET_NAME)";
				SKIP_INSTALL = YES;
				SWIFT_ACTIVE_COMPILATION_CONDITIONS = DEBUG;
				SWIFT_EMIT_LOC_STRINGS = YES;
				SWIFT_OPTIMIZATION_LEVEL = "-Onone";
				SWIFT_VERSION = 5.0;
				TARGETED_DEVICE_FAMILY = "1,2";
			};
			name = Debug;
		};
		220F96A528A04DC100EEEB41 /* Release */ = {
			isa = XCBuildConfiguration;
			baseConfigurationReference = 071982EBD579A0A968D2AB9F /* Pods-BigBlueButtonTabletSdkBroadcastExample.release.xcconfig */;
			buildSettings = {
				CLANG_ANALYZER_NONNULL = YES;
				CLANG_ANALYZER_NUMBER_OBJECT_CONVERSION = YES_AGGRESSIVE;
				CLANG_CXX_LANGUAGE_STANDARD = "gnu++17";
				CLANG_ENABLE_OBJC_WEAK = YES;
				CLANG_WARN_DOCUMENTATION_COMMENTS = YES;
				CLANG_WARN_UNGUARDED_AVAILABILITY = YES_AGGRESSIVE;
				CODE_SIGN_ENTITLEMENTS = BigBlueButtonTabletSdkBroadcastExample/BigBlueButtonTabletSdkBroadcastExample.entitlements;
				CODE_SIGN_STYLE = Automatic;
				COPY_PHASE_STRIP = NO;
				CURRENT_PROJECT_VERSION = 1;
				DEBUG_INFORMATION_FORMAT = "dwarf-with-dsym";
				DEVELOPMENT_TEAM = N69T9W23TC;
				GCC_C_LANGUAGE_STANDARD = gnu11;
				GENERATE_INFOPLIST_FILE = YES;
				INFOPLIST_FILE = BigBlueButtonTabletSdkBroadcastExample/Info.plist;
				INFOPLIST_KEY_CFBundleDisplayName = BigBlueButtonTabletSdkBroadcastExample;
				INFOPLIST_KEY_NSHumanReadableCopyright = "";
				IPHONEOS_DEPLOYMENT_TARGET = 14.7;
				LD_RUNPATH_SEARCH_PATHS = (
					"$(inherited)",
					"@executable_path/Frameworks",
					"@executable_path/../../Frameworks",
				);
				MARKETING_VERSION = 1.0;
				MTL_FAST_MATH = YES;
				PRODUCT_BUNDLE_IDENTIFIER = org.bigbluebutton.tablet.sdk.example.03DE7B1E.BigBlueButtonTabletSdkBroadcastExample;
				PRODUCT_NAME = "$(TARGET_NAME)";
				SKIP_INSTALL = YES;
				SWIFT_COMPILATION_MODE = wholemodule;
				SWIFT_EMIT_LOC_STRINGS = YES;
				SWIFT_OPTIMIZATION_LEVEL = "-O";
				SWIFT_VERSION = 5.0;
				TARGETED_DEVICE_FAMILY = "1,2";
			};
			name = Release;
		};
		83CBBA201A601CBA00E9B192 /* Debug */ = {
			isa = XCBuildConfiguration;
			buildSettings = {
				ALWAYS_SEARCH_USER_PATHS = NO;
				CLANG_ANALYZER_LOCALIZABILITY_NONLOCALIZED = YES;
				CLANG_CXX_LANGUAGE_STANDARD = "c++17";
				CLANG_CXX_LIBRARY = "libc++";
				CLANG_ENABLE_MODULES = YES;
				CLANG_ENABLE_OBJC_ARC = YES;
				CLANG_WARN_BLOCK_CAPTURE_AUTORELEASING = YES;
				CLANG_WARN_BOOL_CONVERSION = YES;
				CLANG_WARN_COMMA = YES;
				CLANG_WARN_CONSTANT_CONVERSION = YES;
				CLANG_WARN_DEPRECATED_OBJC_IMPLEMENTATIONS = YES;
				CLANG_WARN_DIRECT_OBJC_ISA_USAGE = YES_ERROR;
				CLANG_WARN_EMPTY_BODY = YES;
				CLANG_WARN_ENUM_CONVERSION = YES;
				CLANG_WARN_INFINITE_RECURSION = YES;
				CLANG_WARN_INT_CONVERSION = YES;
				CLANG_WARN_NON_LITERAL_NULL_CONVERSION = YES;
				CLANG_WARN_OBJC_IMPLICIT_RETAIN_SELF = YES;
				CLANG_WARN_OBJC_LITERAL_CONVERSION = YES;
				CLANG_WARN_OBJC_ROOT_CLASS = YES_ERROR;
				CLANG_WARN_QUOTED_INCLUDE_IN_FRAMEWORK_HEADER = YES;
				CLANG_WARN_RANGE_LOOP_ANALYSIS = YES;
				CLANG_WARN_STRICT_PROTOTYPES = YES;
				CLANG_WARN_SUSPICIOUS_MOVE = YES;
				CLANG_WARN_UNREACHABLE_CODE = YES;
				CLANG_WARN__DUPLICATE_METHOD_MATCH = YES;
				"CODE_SIGN_IDENTITY[sdk=iphoneos*]" = "iPhone Developer";
				COPY_PHASE_STRIP = NO;
				ENABLE_STRICT_OBJC_MSGSEND = YES;
				ENABLE_TESTABILITY = YES;
				"EXCLUDED_ARCHS[sdk=iphonesimulator*]" = i386;
				GCC_C_LANGUAGE_STANDARD = gnu99;
				GCC_DYNAMIC_NO_PIC = NO;
				GCC_NO_COMMON_BLOCKS = YES;
				GCC_OPTIMIZATION_LEVEL = 0;
				GCC_PREPROCESSOR_DEFINITIONS = (
					"DEBUG=1",
					"$(inherited)",
				);
				GCC_SYMBOLS_PRIVATE_EXTERN = NO;
				GCC_WARN_64_TO_32_BIT_CONVERSION = YES;
				GCC_WARN_ABOUT_RETURN_TYPE = YES_ERROR;
				GCC_WARN_UNDECLARED_SELECTOR = YES;
				GCC_WARN_UNINITIALIZED_AUTOS = YES_AGGRESSIVE;
				GCC_WARN_UNUSED_FUNCTION = YES;
				GCC_WARN_UNUSED_VARIABLE = YES;
				IPHONEOS_DEPLOYMENT_TARGET = 14.7;
				LD_RUNPATH_SEARCH_PATHS = (
					/usr/lib/swift,
					"$(inherited)",
				);
				LIBRARY_SEARCH_PATHS = (
					"\"$(SDKROOT)/usr/lib/swift\"",
					"\"$(TOOLCHAIN_DIR)/usr/lib/swift/$(PLATFORM_NAME)\"",
					"\"$(inherited)\"",
				);
				MTL_ENABLE_DEBUG_INFO = YES;
				ONLY_ACTIVE_ARCH = YES;
				OTHER_CPLUSPLUSFLAGS = (
					"$(OTHER_CFLAGS)",
					"-DFOLLY_NO_CONFIG",
					"-DFOLLY_MOBILE=1",
					"-DFOLLY_USE_LIBCPP=1",
				);
				SDKROOT = iphoneos;
			};
			name = Debug;
		};
		83CBBA211A601CBA00E9B192 /* Release */ = {
			isa = XCBuildConfiguration;
			buildSettings = {
				ALWAYS_SEARCH_USER_PATHS = NO;
				CLANG_ANALYZER_LOCALIZABILITY_NONLOCALIZED = YES;
				CLANG_CXX_LANGUAGE_STANDARD = "c++17";
				CLANG_CXX_LIBRARY = "libc++";
				CLANG_ENABLE_MODULES = YES;
				CLANG_ENABLE_OBJC_ARC = YES;
				CLANG_WARN_BLOCK_CAPTURE_AUTORELEASING = YES;
				CLANG_WARN_BOOL_CONVERSION = YES;
				CLANG_WARN_COMMA = YES;
				CLANG_WARN_CONSTANT_CONVERSION = YES;
				CLANG_WARN_DEPRECATED_OBJC_IMPLEMENTATIONS = YES;
				CLANG_WARN_DIRECT_OBJC_ISA_USAGE = YES_ERROR;
				CLANG_WARN_EMPTY_BODY = YES;
				CLANG_WARN_ENUM_CONVERSION = YES;
				CLANG_WARN_INFINITE_RECURSION = YES;
				CLANG_WARN_INT_CONVERSION = YES;
				CLANG_WARN_NON_LITERAL_NULL_CONVERSION = YES;
				CLANG_WARN_OBJC_IMPLICIT_RETAIN_SELF = YES;
				CLANG_WARN_OBJC_LITERAL_CONVERSION = YES;
				CLANG_WARN_OBJC_ROOT_CLASS = YES_ERROR;
				CLANG_WARN_QUOTED_INCLUDE_IN_FRAMEWORK_HEADER = YES;
				CLANG_WARN_RANGE_LOOP_ANALYSIS = YES;
				CLANG_WARN_STRICT_PROTOTYPES = YES;
				CLANG_WARN_SUSPICIOUS_MOVE = YES;
				CLANG_WARN_UNREACHABLE_CODE = YES;
				CLANG_WARN__DUPLICATE_METHOD_MATCH = YES;
				"CODE_SIGN_IDENTITY[sdk=iphoneos*]" = "iPhone Developer";
				COPY_PHASE_STRIP = YES;
				ENABLE_NS_ASSERTIONS = NO;
				ENABLE_STRICT_OBJC_MSGSEND = YES;
				"EXCLUDED_ARCHS[sdk=iphonesimulator*]" = i386;
				GCC_C_LANGUAGE_STANDARD = gnu99;
				GCC_NO_COMMON_BLOCKS = YES;
				GCC_WARN_64_TO_32_BIT_CONVERSION = YES;
				GCC_WARN_ABOUT_RETURN_TYPE = YES_ERROR;
				GCC_WARN_UNDECLARED_SELECTOR = YES;
				GCC_WARN_UNINITIALIZED_AUTOS = YES_AGGRESSIVE;
				GCC_WARN_UNUSED_FUNCTION = YES;
				GCC_WARN_UNUSED_VARIABLE = YES;
				IPHONEOS_DEPLOYMENT_TARGET = 14.7;
				LD_RUNPATH_SEARCH_PATHS = (
					/usr/lib/swift,
					"$(inherited)",
				);
				LIBRARY_SEARCH_PATHS = (
					"\"$(SDKROOT)/usr/lib/swift\"",
					"\"$(TOOLCHAIN_DIR)/usr/lib/swift/$(PLATFORM_NAME)\"",
					"\"$(inherited)\"",
				);
				MTL_ENABLE_DEBUG_INFO = NO;
				OTHER_CPLUSPLUSFLAGS = (
					"$(OTHER_CFLAGS)",
					"-DFOLLY_NO_CONFIG",
					"-DFOLLY_MOBILE=1",
					"-DFOLLY_USE_LIBCPP=1",
				);
				SDKROOT = iphoneos;
				VALIDATE_PRODUCT = YES;
			};
			name = Release;
		};
/* End XCBuildConfiguration section */

/* Begin XCConfigurationList section */
		13B07F931A680F5B00A75B9A /* Build configuration list for PBXNativeTarget "BigBlueButtonTabletSdkExample" */ = {
			isa = XCConfigurationList;
			buildConfigurations = (
				13B07F941A680F5B00A75B9A /* Debug */,
				13B07F951A680F5B00A75B9A /* Release */,
			);
			defaultConfigurationIsVisible = 0;
			defaultConfigurationName = Release;
		};
		220F96A328A04DC100EEEB41 /* Build configuration list for PBXNativeTarget "BigBlueButtonTabletSdkBroadcastExample" */ = {
			isa = XCConfigurationList;
			buildConfigurations = (
				220F96A428A04DC100EEEB41 /* Debug */,
				220F96A528A04DC100EEEB41 /* Release */,
			);
			defaultConfigurationIsVisible = 0;
			defaultConfigurationName = Release;
		};
		83CBB9FA1A601CBA00E9B192 /* Build configuration list for PBXProject "BigBlueButtonTabletSdkExample" */ = {
			isa = XCConfigurationList;
			buildConfigurations = (
				83CBBA201A601CBA00E9B192 /* Debug */,
				83CBBA211A601CBA00E9B192 /* Release */,
			);
			defaultConfigurationIsVisible = 0;
			defaultConfigurationName = Release;
		};
/* End XCConfigurationList section */
	};
	rootObject = 83CBB9F71A601CBA00E9B192 /* Project object */;
}
